
Microsoft Visual Studio Solution File, Format Version 11.00
# Visual C# Express 2010
Project("{FAE04EC0-301F-11D3-BF4B-00C04F79EFBC}") = "TestPanel3D", "TestPanel3D\TestPanel3D.csproj", "{0EA5D2CE-7A45-46FB-90AD-EA302DC17EE1}"
EndProject
Global
	GlobalSection(SolutionConfigurationPlatforms) = preSolution
		Debug|Any CPU = Debug|Any CPU
		Release|Any CPU = Release|Any CPU
	EndGlobalSection
	GlobalSection(ProjectConfigurationPlatforms) = postSolution
		{0EA5D2CE-7A45-46FB-90AD-EA302DC17EE1}.Debug|Any CPU.ActiveCfg = Debug|Any CPU
		{0EA5D2CE-7A45-46FB-90AD-EA302DC17EE1}.Debug|Any CPU.Build.0 = Debug|Any CPU
		{0EA5D2CE-7A45-46FB-90AD-EA302DC17EE1}.Release|Any CPU.ActiveCfg = Release|Any CPU
		{0EA5D2CE-7A45-46FB-90AD-EA302DC17EE1}.Release|Any CPU.Build.0 = Release|Any CPU
	EndGlobalSection
	GlobalSection(SolutionProperties) = preSolution
		HideSolutionNode = FALSE
	EndGlobalSection
EndGlobal
